
Microsoft Visual Studio Solution File, Format Version 12.00
# Visual Studio Version 17
VisualStudioVersion = 17.3.32929.385
MinimumVisualStudioVersion = 10.0.40219.1
Project("{FAE04EC0-301F-11D3-BF4B-00C04F79EFBC}") = "WebAPI", "WebAPI.csproj", "{C45C1B7B-A10A-4F6D-9933-A889AC196FA2}"
EndProject
Global
	GlobalSection(SolutionConfigurationPlatforms) = preSolution
		Debug|Any CPU = Debug|Any CPU
		Release|Any CPU = Release|Any CPU
	EndGlobalSection
	GlobalSection(ProjectConfigurationPlatforms) = postSolution
		{C45C1B7B-A10A-4F6D-9933-A889AC196FA2}.Debug|Any CPU.ActiveCfg = Debug|Any CPU
		{C45C1B7B-A10A-4F6D-9933-A889AC196FA2}.Debug|Any CPU.Build.0 = Debug|Any CPU
		{C45C1B7B-A10A-4F6D-9933-A889AC196FA2}.Release|Any CPU.ActiveCfg = Release|Any CPU
		{C45C1B7B-A10A-4F6D-9933-A889AC196FA2}.Release|Any CPU.Build.0 = Release|Any CPU
	EndGlobalSection
	GlobalSection(SolutionProperties) = preSolution
		HideSolutionNode = FALSE
	EndGlobalSection
	GlobalSection(ExtensibilityGlobals) = postSolution
		SolutionGuid = {86BE9CF7-B019-4DD2-A68B-126704C4DCD1}
	EndGlobalSection
EndGlobal
